
Microsoft Visual Studio Solution File, Format Version 12.00
Project("{FAE04EC0-301F-11D3-BF4B-00C04F79EFBC}") = "Amccloy.HexMap3D", "Amccloy.HexMap3D\Amccloy.HexMap3D.csproj", "{D4AA31CB-4885-40CC-9126-F0FFD8F28A7F}"
EndProject
Project("{FAE04EC0-301F-11D3-BF4B-00C04F79EFBC}") = "Amccloy.HexMap3D.Designer", "Amccloy.HexMap3D.Designer\Amccloy.HexMap3D.Designer.csproj", "{BDDBFE5C-51D1-4610-A5D1-8432C7BDDDE8}"
EndProject
Project("{FAE04EC0-301F-11D3-BF4B-00C04F79EFBC}") = "Amccloy.HexMap3D.Test", "Amccloy.HexMap3D.Test\Amccloy.HexMap3D.Test.csproj", "{194210A1-2738-40BC-8970-E0558A6AEFE5}"
EndProject
Global
	GlobalSection(SolutionConfigurationPlatforms) = preSolution
		Debug|Any CPU = Debug|Any CPU
		Release|Any CPU = Release|Any CPU
	EndGlobalSection
	GlobalSection(ProjectConfigurationPlatforms) = postSolution
		{D4AA31CB-4885-40CC-9126-F0FFD8F28A7F}.Debug|Any CPU.ActiveCfg = Debug|Any CPU
		{D4AA31CB-4885-40CC-9126-F0FFD8F28A7F}.Debug|Any CPU.Build.0 = Debug|Any CPU
		{D4AA31CB-4885-40CC-9126-F0FFD8F28A7F}.Release|Any CPU.ActiveCfg = Release|Any CPU
		{D4AA31CB-4885-40CC-9126-F0FFD8F28A7F}.Release|Any CPU.Build.0 = Release|Any CPU
		{BDDBFE5C-51D1-4610-A5D1-8432C7BDDDE8}.Debug|Any CPU.ActiveCfg = Debug|Any CPU
		{BDDBFE5C-51D1-4610-A5D1-8432C7BDDDE8}.Debug|Any CPU.Build.0 = Debug|Any CPU
		{BDDBFE5C-51D1-4610-A5D1-8432C7BDDDE8}.Release|Any CPU.ActiveCfg = Release|Any CPU
		{BDDBFE5C-51D1-4610-A5D1-8432C7BDDDE8}.Release|Any CPU.Build.0 = Release|Any CPU
		{194210A1-2738-40BC-8970-E0558A6AEFE5}.Debug|Any CPU.ActiveCfg = Debug|Any CPU
		{194210A1-2738-40BC-8970-E0558A6AEFE5}.Debug|Any CPU.Build.0 = Debug|Any CPU
		{194210A1-2738-40BC-8970-E0558A6AEFE5}.Release|Any CPU.ActiveCfg = Release|Any CPU
		{194210A1-2738-40BC-8970-E0558A6AEFE5}.Release|Any CPU.Build.0 = Release|Any CPU
	EndGlobalSection
EndGlobal
